{
  "name": "maku.js",
  "version": "1.0.0",
  "lockfileVersion": 1,
  "requires": true,
  "dependencies": {
    "@types/three": {
      "version": "0.133.1",
      "resolved": "https://registry.npmmirror.com/@types/three/download/@types/three-0.133.1.tgz",
      "integrity": "sha1-YAf6r39rUzORUKKh/lcSHkxmB8E=",
      "dev": true
    },
    "three": {
      "version": "0.133.1",
      "resolved": "https://registry.npmmirror.com/three/download/three-0.133.1.tgz?cache=0&sync_timestamp=1633366637640&other_urls=https%3A%2F%2Fregistry.npmmirror.com%2Fthree%2Fdownload%2Fthree-0.133.1.tgz",
      "integrity": "sha1-Vgb0gX1noJ2SEtTMvWgmVkd0+PQ=",
      "dev": true
    }
  }
}
