{
  "name": "maku.js",
  "version": "1.0.1",
  "lockfileVersion": 2,
  "requires": true,
  "packages": {
    "": {
      "name": "maku.js",
      "version": "1.0.1",
      "license": "MIT",
      "devDependencies": {
        "@types/three": "^0.133.1",
        "three": "^0.133.1"
      },
      "peerDependencies": {
        "three": ">=0.122.0 <1.0.0"
      }
    },
    "node_modules/@types/three": {
      "version": "0.133.1",
      "resolved": "https://registry.npmmirror.com/@types/three/download/@types/three-0.133.1.tgz",
      "integrity": "sha1-YAf6r39rUzORUKKh/lcSHkxmB8E=",
      "dev": true
    },
    "node_modules/three": {
      "version": "0.133.1",
      "resolved": "https://registry.npmmirror.com/three/download/three-0.133.1.tgz?cache=0&sync_timestamp=1633366637640&other_urls=https%3A%2F%2Fregistry.npmmirror.com%2Fthree%2Fdownload%2Fthree-0.133.1.tgz",
      "integrity": "sha1-Vgb0gX1noJ2SEtTMvWgmVkd0+PQ=",
      "dev": true
    }
  },
  "dependencies": {
    "@types/three": {
      "version": "0.133.1",
      "resolved": "https://registry.npmmirror.com/@types/three/download/@types/three-0.133.1.tgz",
      "integrity": "sha1-YAf6r39rUzORUKKh/lcSHkxmB8E=",
      "dev": true
    },
    "three": {
      "version": "0.133.1",
      "resolved": "https://registry.npmmirror.com/three/download/three-0.133.1.tgz?cache=0&sync_timestamp=1633366637640&other_urls=https%3A%2F%2Fregistry.npmmirror.com%2Fthree%2Fdownload%2Fthree-0.133.1.tgz",
      "integrity": "sha1-Vgb0gX1noJ2SEtTMvWgmVkd0+PQ=",
      "dev": true
    }
  }
}
